
Microsoft Visual Studio Solution File, Format Version 12.00
# Visual Studio Version 16
VisualStudioVersion = 16.0.31702.278
MinimumVisualStudioVersion = 10.0.40219.1
Project("{FAE04EC0-301F-11D3-BF4B-00C04F79EFBC}") = "First", "First\First.csproj", "{95FA9B37-D5A2-465A-93D6-DE10EC06E4D8}"
EndProject
Global
	GlobalSection(SolutionConfigurationPlatforms) = preSolution
		Debug|Any CPU = Debug|Any CPU
		Release|Any CPU = Release|Any CPU
	EndGlobalSection
	GlobalSection(ProjectConfigurationPlatforms) = postSolution
		{95FA9B37-D5A2-465A-93D6-DE10EC06E4D8}.Debug|Any CPU.ActiveCfg = Debug|Any CPU
		{95FA9B37-D5A2-465A-93D6-DE10EC06E4D8}.Debug|Any CPU.Build.0 = Debug|Any CPU
		{95FA9B37-D5A2-465A-93D6-DE10EC06E4D8}.Release|Any CPU.ActiveCfg = Release|Any CPU
		{95FA9B37-D5A2-465A-93D6-DE10EC06E4D8}.Release|Any CPU.Build.0 = Release|Any CPU
	EndGlobalSection
	GlobalSection(SolutionProperties) = preSolution
		HideSolutionNode = FALSE
	EndGlobalSection
	GlobalSection(ExtensibilityGlobals) = postSolution
		SolutionGuid = {8A91A075-7F1F-4758-945B-B2DE37A65BDC}
	EndGlobalSection
EndGlobal
